
Microsoft Visual Studio Solution File, Format Version 12.00
# Visual Studio Version 16
VisualStudioVersion = 16.0.30320.27
MinimumVisualStudioVersion = 10.0.40219.1
Project("{FAE04EC0-301F-11D3-BF4B-00C04F79EFBC}") = "PropertyCopier.Tests", "PropertyCopier.Tests\PropertyCopier.Tests.csproj", "{3EF0BF1D-48FD-4FA6-B98B-E81134D55AD5}"
EndProject
Project("{9A19103F-16F7-4668-BE54-9A1E7A4F7556}") = "PropertyCopier", "PropertyCopier\PropertyCopier.csproj", "{EAFBE7C0-E0EC-41B8-B127-76B4688B03D3}"
EndProject
Global
	GlobalSection(SolutionConfigurationPlatforms) = preSolution
		Debug|Any CPU = Debug|Any CPU
		Release 4.0|Any CPU = Release 4.0|Any CPU
		Release 4.5|Any CPU = Release 4.5|Any CPU
		Standard 2.0|Any CPU = Standard 2.0|Any CPU
	EndGlobalSection
	GlobalSection(ProjectConfigurationPlatforms) = postSolution
		{3EF0BF1D-48FD-4FA6-B98B-E81134D55AD5}.Debug|Any CPU.ActiveCfg = Debug|Any CPU
		{3EF0BF1D-48FD-4FA6-B98B-E81134D55AD5}.Debug|Any CPU.Build.0 = Debug|Any CPU
		{3EF0BF1D-48FD-4FA6-B98B-E81134D55AD5}.Release 4.0|Any CPU.ActiveCfg = Release 4.0|Any CPU
		{3EF0BF1D-48FD-4FA6-B98B-E81134D55AD5}.Release 4.0|Any CPU.Build.0 = Release 4.0|Any CPU
		{3EF0BF1D-48FD-4FA6-B98B-E81134D55AD5}.Release 4.5|Any CPU.ActiveCfg = Release 4.5|Any CPU
		{3EF0BF1D-48FD-4FA6-B98B-E81134D55AD5}.Release 4.5|Any CPU.Build.0 = Release 4.5|Any CPU
		{3EF0BF1D-48FD-4FA6-B98B-E81134D55AD5}.Standard 2.0|Any CPU.ActiveCfg = Release|Any CPU
		{3EF0BF1D-48FD-4FA6-B98B-E81134D55AD5}.Standard 2.0|Any CPU.Build.0 = Release|Any CPU
		{EAFBE7C0-E0EC-41B8-B127-76B4688B03D3}.Debug|Any CPU.ActiveCfg = Debug|Any CPU
		{EAFBE7C0-E0EC-41B8-B127-76B4688B03D3}.Debug|Any CPU.Build.0 = Debug|Any CPU
		{EAFBE7C0-E0EC-41B8-B127-76B4688B03D3}.Release 4.0|Any CPU.ActiveCfg = Release|Any CPU
		{EAFBE7C0-E0EC-41B8-B127-76B4688B03D3}.Release 4.0|Any CPU.Build.0 = Release|Any CPU
		{EAFBE7C0-E0EC-41B8-B127-76B4688B03D3}.Release 4.5|Any CPU.ActiveCfg = Release|Any CPU
		{EAFBE7C0-E0EC-41B8-B127-76B4688B03D3}.Release 4.5|Any CPU.Build.0 = Release|Any CPU
		{EAFBE7C0-E0EC-41B8-B127-76B4688B03D3}.Standard 2.0|Any CPU.ActiveCfg = Release|Any CPU
		{EAFBE7C0-E0EC-41B8-B127-76B4688B03D3}.Standard 2.0|Any CPU.Build.0 = Release|Any CPU
	EndGlobalSection
	GlobalSection(SolutionProperties) = preSolution
		HideSolutionNode = FALSE
	EndGlobalSection
	GlobalSection(ExtensibilityGlobals) = postSolution
		SolutionGuid = {D8ED53EB-B3E4-4754-A436-FF2CB386FED2}
	EndGlobalSection
EndGlobal
